// !$*UTF8*$!
{
	archiveVersion = 1;
	classes = {
	};
	objectVersion = 77;
	objects = {

/* Begin PBXBuildFile section */
		D97C62222DBD5F1F00A06314 /* FirebaseAnalytics in Frameworks */ = {isa = PBXBuildFile; productRef = D97C62212DBD5F1F00A06314 /* FirebaseAnalytics */; };
		D97C62242DBD5F1F00A06314 /* FirebaseAuth in Frameworks */ = {isa = PBXBuildFile; productRef = D97C62232DBD5F1F00A06314 /* FirebaseAuth */; };
		D97C62262DBD5F1F00A06314 /* FirebaseCore in Frameworks */ = {isa = PBXBuildFile; productRef = D97C62252DBD5F1F00A06314 /* FirebaseCore */; };
		D97C62282DBD5F1F00A06314 /* FirebaseDatabase in Frameworks */ = {isa = PBXBuildFile; productRef = D97C62272DBD5F1F00A06314 /* FirebaseDatabase */; };
		D97C622A2DBD5F1F00A06314 /* FirebaseFirestore in Frameworks */ = {isa = PBXBuildFile; productRef = D97C62292DBD5F1F00A06314 /* FirebaseFirestore */; };
		D97C622C2DBD5F1F00A06314 /* FirebaseStorage in Frameworks */ = {isa = PBXBuildFile; productRef = D97C622B2DBD5F1F00A06314 /* FirebaseStorage */; };
		D97C622F2DBD5F3400A06314 /* GoogleSignIn in Frameworks */ = {isa = PBXBuildFile; productRef = D97C622E2DBD5F3400A06314 /* GoogleSignIn */; };
		D97C62312DBD5F3400A06314 /* GoogleSignInSwift in Frameworks */ = {isa = PBXBuildFile; productRef = D97C62302DBD5F3400A06314 /* GoogleSignInSwift */; };
/* End PBXBuildFile section */

/* Begin PBXFileReference section */
		D97C61D62DBD5C9300A06314 /* OhGrt.app */ = {isa = PBXFileReference; explicitFileType = wrapper.application; includeInIndex = 0; path = OhGrt.app; sourceTree = BUILT_PRODUCTS_DIR; };
/* End PBXFileReference section */

/* Begin PBXFileSystemSynchronizedBuildFileExceptionSet section */
		D97C62432DBD649500A06314 /* Exceptions for "OhGrt" folder in "OhGrt" target */ = {
			isa = PBXFileSystemSynchronizedBuildFileExceptionSet;
			membershipExceptions = (
				Info.plist,
			);
			target = D97C61D52DBD5C9300A06314 /* OhGrt */;
		};
/* End PBXFileSystemSynchronizedBuildFileExceptionSet section */

/* Begin PBXFileSystemSynchronizedRootGroup section */
		D97C61D82DBD5C9300A06314 /* OhGrt */ = {
			isa = PBXFileSystemSynchronizedRootGroup;
			exceptions = (
				D97C62432DBD649500A06314 /* Exceptions for "OhGrt" folder in "OhGrt" target */,
			);
			path = OhGrt;
			sourceTree = "<group>";
		};
/* End PBXFileSystemSynchronizedRootGroup section */

/* Begin PBXFrameworksBuildPhase section */
		D97C61D32DBD5C9300A06314 /* Frameworks */ = {
			isa = PBXFrameworksBuildPhase;
			buildActionMask = 2147483647;
			files = (
				D97C62222DBD5F1F00A06314 /* FirebaseAnalytics in Frameworks */,
				D97C62262DBD5F1F00A06314 /* FirebaseCore in Frameworks */,
				D97C62282DBD5F1F00A06314 /* FirebaseDatabase in Frameworks */,
				D97C62312DBD5F3400A06314 /* GoogleSignInSwift in Frameworks */,
				D97C622A2DBD5F1F00A06314 /* FirebaseFirestore in Frameworks */,
				D97C62242DBD5F1F00A06314 /* FirebaseAuth in Frameworks */,
				D97C622C2DBD5F1F00A06314 /* FirebaseStorage in Frameworks */,
				D97C622F2DBD5F3400A06314 /* GoogleSignIn in Frameworks */,
			);
			runOnlyForDeploymentPostprocessing = 0;
		};
/* End PBXFrameworksBuildPhase section */

/* Begin PBXGroup section */
		D97C61CD2DBD5C9300A06314 = {
			isa = PBXGroup;
			children = (
				D97C61D82DBD5C9300A06314 /* OhGrt */,
				D97C61D72DBD5C9300A06314 /* Products */,
			);
			sourceTree = "<group>";
		};
		D97C61D72DBD5C9300A06314 /* Products */ = {
			isa = PBXGroup;
			children = (
				D97C61D62DBD5C9300A06314 /* OhGrt.app */,
			);
			name = Products;
			sourceTree = "<group>";
		};
/* End PBXGroup section */

/* Begin PBXNativeTarget section */
		D97C61D52DBD5C9300A06314 /* OhGrt */ = {
			isa = PBXNativeTarget;
			buildConfigurationList = D97C61E42DBD5C9500A06314 /* Build configuration list for PBXNativeTarget "OhGrt" */;
			buildPhases = (
				D97C61D22DBD5C9300A06314 /* Sources */,
				D97C61D32DBD5C9300A06314 /* Frameworks */,
				D97C61D42DBD5C9300A06314 /* Resources */,
			);
			buildRules = (
			);
			dependencies = (
			);
			fileSystemSynchronizedGroups = (
				D97C61D82DBD5C9300A06314 /* OhGrt */,
			);
			name = OhGrt;
			packageProductDependencies = (
				D97C62212DBD5F1F00A06314 /* FirebaseAnalytics */,
				D97C62232DBD5F1F00A06314 /* FirebaseAuth */,
				D97C62252DBD5F1F00A06314 /* FirebaseCore */,
				D97C62272DBD5F1F00A06314 /* FirebaseDatabase */,
				D97C62292DBD5F1F00A06314 /* FirebaseFirestore */,
				D97C622B2DBD5F1F00A06314 /* FirebaseStorage */,
				D97C622E2DBD5F3400A06314 /* GoogleSignIn */,
				D97C62302DBD5F3400A06314 /* GoogleSignInSwift */,
			);
			productName = OhGrt;
			productReference = D97C61D62DBD5C9300A06314 /* OhGrt.app */;
			productType = "com.apple.product-type.application";
		};
/* End PBXNativeTarget section */

/* Begin PBXProject section */
		D97C61CE2DBD5C9300A06314 /* Project object */ = {
			isa = PBXProject;
			attributes = {
				BuildIndependentTargetsInParallel = 1;
				LastSwiftUpdateCheck = 1620;
				LastUpgradeCheck = 1620;
				TargetAttributes = {
					D97C61D52DBD5C9300A06314 = {
						CreatedOnToolsVersion = 16.2;
					};
				};
			};
			buildConfigurationList = D97C61D12DBD5C9300A06314 /* Build configuration list for PBXProject "OhGrt" */;
			developmentRegion = en;
			hasScannedForEncodings = 0;
			knownRegions = (
				en,
				Base,
			);
			mainGroup = D97C61CD2DBD5C9300A06314;
			minimizedProjectReferenceProxies = 1;
			packageReferences = (
				D97C62202DBD5F1F00A06314 /* XCRemoteSwiftPackageReference "firebase-ios-sdk" */,
				D97C622D2DBD5F3400A06314 /* XCRemoteSwiftPackageReference "GoogleSignIn-iOS" */,
			);
			preferredProjectObjectVersion = 77;
			productRefGroup = D97C61D72DBD5C9300A06314 /* Products */;
			projectDirPath = "";
			projectRoot = "";
			targets = (
				D97C61D52DBD5C9300A06314 /* OhGrt */,
			);
		};
/* End PBXProject section */

/* Begin PBXResourcesBuildPhase section */
		D97C61D42DBD5C9300A06314 /* Resources */ = {
			isa = PBXResourcesBuildPhase;
			buildActionMask = 2147483647;
			files = (
			);
			runOnlyForDeploymentPostprocessing = 0;
		};
/* End PBXResourcesBuildPhase section */

/* Begin PBXSourcesBuildPhase section */
		D97C61D22DBD5C9300A06314 /* Sources */ = {
			isa = PBXSourcesBuildPhase;
			buildActionMask = 2147483647;
			files = (
			);
			runOnlyForDeploymentPostprocessing = 0;
		};
/* End PBXSourcesBuildPhase section */

/* Begin XCBuildConfiguration section */
		D97C61E22DBD5C9500A06314 /* Debug */ = {
			isa = XCBuildConfiguration;
			buildSettings = {
				ALWAYS_SEARCH_USER_PATHS = NO;
				ASSETCATALOG_COMPILER_GENERATE_SWIFT_ASSET_SYMBOL_EXTENSIONS = YES;
				CLANG_ANALYZER_NONNULL = YES;
				CLANG_ANALYZER_NUMBER_OBJECT_CONVERSION = YES_AGGRESSIVE;
				CLANG_CXX_LANGUAGE_STANDARD = "gnu++20";
				CLANG_ENABLE_MODULES = YES;
				CLANG_ENABLE_OBJC_ARC = YES;
				CLANG_ENABLE_OBJC_WEAK = YES;
				CLANG_WARN_BLOCK_CAPTURE_AUTORELEASING = YES;
				CLANG_WARN_BOOL_CONVERSION = YES;
				CLANG_WARN_COMMA = YES;
				CLANG_WARN_CONSTANT_CONVERSION = YES;
				CLANG_WARN_DEPRECATED_OBJC_IMPLEMENTATIONS = YES;
				CLANG_WARN_DIRECT_OBJC_ISA_USAGE = YES_ERROR;
				CLANG_WARN_DOCUMENTATION_COMMENTS = YES;
				CLANG_WARN_EMPTY_BODY = YES;
				CLANG_WARN_ENUM_CONVERSION = YES;
				CLANG_WARN_INFINITE_RECURSION = YES;
				CLANG_WARN_INT_CONVERSION = YES;
				CLANG_WARN_NON_LITERAL_NULL_CONVERSION = YES;
				CLANG_WARN_OBJC_IMPLICIT_RETAIN_SELF = YES;
				CLANG_WARN_OBJC_LITERAL_CONVERSION = YES;
				CLANG_WARN_OBJC_ROOT_CLASS = YES_ERROR;
				CLANG_WARN_QUOTED_INCLUDE_IN_FRAMEWORK_HEADER = YES;
				CLANG_WARN_RANGE_LOOP_ANALYSIS = YES;
				CLANG_WARN_STRICT_PROTOTYPES = YES;
				CLANG_WARN_SUSPICIOUS_MOVE = YES;
				CLANG_WARN_UNGUARDED_AVAILABILITY = YES_AGGRESSIVE;
				CLANG_WARN_UNREACHABLE_CODE = YES;
				CLANG_WARN__DUPLICATE_METHOD_MATCH = YES;
				COPY_PHASE_STRIP = NO;
				DEBUG_INFORMATION_FORMAT = dwarf;
				ENABLE_STRICT_OBJC_MSGSEND = YES;
				ENABLE_TESTABILITY = YES;
				ENABLE_USER_SCRIPT_SANDBOXING = YES;
				GCC_C_LANGUAGE_STANDARD = gnu17;
				GCC_DYNAMIC_NO_PIC = NO;
				GCC_NO_COMMON_BLOCKS = YES;
				GCC_OPTIMIZATION_LEVEL = 0;
				GCC_PREPROCESSOR_DEFINITIONS = (
					"DEBUG=1",
					"$(inherited)",
				);
				GCC_WARN_64_TO_32_BIT_CONVERSION = YES;
				GCC_WARN_ABOUT_RETURN_TYPE = YES_ERROR;
				GCC_WARN_UNDECLARED_SELECTOR = YES;
				GCC_WARN_UNINITIALIZED_AUTOS = YES_AGGRESSIVE;
				GCC_WARN_UNUSED_FUNCTION = YES;
				GCC_WARN_UNUSED_VARIABLE = YES;
				IPHONEOS_DEPLOYMENT_TARGET = 18.2;
				LOCALIZATION_PREFERS_STRING_CATALOGS = YES;
				MTL_ENABLE_DEBUG_INFO = INCLUDE_SOURCE;
				MTL_FAST_MATH = YES;
				ONLY_ACTIVE_ARCH = YES;
				SDKROOT = iphoneos;
				SWIFT_ACTIVE_COMPILATION_CONDITIONS = "DEBUG $(inherited)";
				SWIFT_OPTIMIZATION_LEVEL = "-Onone";
			};
			name = Debug;
		};
		D97C61E32DBD5C9500A06314 /* Release */ = {
			isa = XCBuildConfiguration;
			buildSettings = {
				ALWAYS_SEARCH_USER_PATHS = NO;
				ASSETCATALOG_COMPILER_GENERATE_SWIFT_ASSET_SYMBOL_EXTENSIONS = YES;
				CLANG_ANALYZER_NONNULL = YES;
				CLANG_ANALYZER_NUMBER_OBJECT_CONVERSION = YES_AGGRESSIVE;
				CLANG_CXX_LANGUAGE_STANDARD = "gnu++20";
				CLANG_ENABLE_MODULES = YES;
				CLANG_ENABLE_OBJC_ARC = YES;
				CLANG_ENABLE_OBJC_WEAK = YES;
				CLANG_WARN_BLOCK_CAPTURE_AUTORELEASING = YES;
				CLANG_WARN_BOOL_CONVERSION = YES;
				CLANG_WARN_COMMA = YES;
				CLANG_WARN_CONSTANT_CONVERSION = YES;
				CLANG_WARN_DEPRECATED_OBJC_IMPLEMENTATIONS = YES;
				CLANG_WARN_DIRECT_OBJC_ISA_USAGE = YES_ERROR;
				CLANG_WARN_DOCUMENTATION_COMMENTS = YES;
				CLANG_WARN_EMPTY_BODY = YES;
				CLANG_WARN_ENUM_CONVERSION = YES;
				CLANG_WARN_INFINITE_RECURSION = YES;
				CLANG_WARN_INT_CONVERSION = YES;
				CLANG_WARN_NON_LITERAL_NULL_CONVERSION = YES;
				CLANG_WARN_OBJC_IMPLICIT_RETAIN_SELF = YES;
				CLANG_WARN_OBJC_LITERAL_CONVERSION = YES;
				CLANG_WARN_OBJC_ROOT_CLASS = YES_ERROR;
				CLANG_WARN_QUOTED_INCLUDE_IN_FRAMEWORK_HEADER = YES;
				CLANG_WARN_RANGE_LOOP_ANALYSIS = YES;
				CLANG_WARN_STRICT_PROTOTYPES = YES;
				CLANG_WARN_SUSPICIOUS_MOVE = YES;
				CLANG_WARN_UNGUARDED_AVAILABILITY = YES_AGGRESSIVE;
				CLANG_WARN_UNREACHABLE_CODE = YES;
				CLANG_WARN__DUPLICATE_METHOD_MATCH = YES;
				COPY_PHASE_STRIP = NO;
				DEBUG_INFORMATION_FORMAT = "dwarf-with-dsym";
				ENABLE_NS_ASSERTIONS = NO;
				ENABLE_STRICT_OBJC_MSGSEND = YES;
				ENABLE_USER_SCRIPT_SANDBOXING = YES;
				GCC_C_LANGUAGE_STANDARD = gnu17;
				GCC_NO_COMMON_BLOCKS = YES;
				GCC_WARN_64_TO_32_BIT_CONVERSION = YES;
				GCC_WARN_ABOUT_RETURN_TYPE = YES_ERROR;
				GCC_WARN_UNDECLARED_SELECTOR = YES;
				GCC_WARN_UNINITIALIZED_AUTOS = YES_AGGRESSIVE;
				GCC_WARN_UNUSED_FUNCTION = YES;
				GCC_WARN_UNUSED_VARIABLE = YES;
				IPHONEOS_DEPLOYMENT_TARGET = 18.2;
				LOCALIZATION_PREFERS_STRING_CATALOGS = YES;
				MTL_ENABLE_DEBUG_INFO = NO;
				MTL_FAST_MATH = YES;
				SDKROOT = iphoneos;
				SWIFT_COMPILATION_MODE = wholemodule;
				VALIDATE_PRODUCT = YES;
			};
			name = Release;
		};
		D97C61E52DBD5C9500A06314 /* Debug */ = {
			isa = XCBuildConfiguration;
			buildSettings = {
				ASSETCATALOG_COMPILER_APPICON_NAME = AppIcon;
				ASSETCATALOG_COMPILER_GLOBAL_ACCENT_COLOR_NAME = AccentColor;
				CODE_SIGN_STYLE = Manual;
				CURRENT_PROJECT_VERSION = 1;
				DEVELOPMENT_ASSET_PATHS = "\"OhGrt/Preview Content\"";
				DEVELOPMENT_TEAM = "";
				ENABLE_PREVIEWS = YES;
				GENERATE_INFOPLIST_FILE = YES;
				INFOPLIST_FILE = OhGrt/Info.plist;
				INFOPLIST_KEY_CFBundleDisplayName = OhGrt;
				INFOPLIST_KEY_LSApplicationCategoryType = "public.app-category.entertainment";
				INFOPLIST_KEY_UIApplicationSceneManifest_Generation = YES;
				INFOPLIST_KEY_UIApplicationSupportsIndirectInputEvents = YES;
				INFOPLIST_KEY_UILaunchScreen_Generation = YES;
				INFOPLIST_KEY_UISupportedInterfaceOrientations_iPad = "UIInterfaceOrientationPortrait UIInterfaceOrientationPortraitUpsideDown UIInterfaceOrientationLandscapeLeft UIInterfaceOrientationLandscapeRight";
				INFOPLIST_KEY_UISupportedInterfaceOrientations_iPhone = "UIInterfaceOrientationPortrait UIInterfaceOrientationLandscapeLeft UIInterfaceOrientationLandscapeRight";
				IPHONEOS_DEPLOYMENT_TARGET = 16.6;
				LD_RUNPATH_SEARCH_PATHS = (
					"$(inherited)",
					"@executable_path/Frameworks",
				);
				MARKETING_VERSION = 1.0;
				PRODUCT_BUNDLE_IDENTIFIER = com.eramlabs.ohhgrt;
				PRODUCT_NAME = "$(TARGET_NAME)";
				PROVISIONING_PROFILE_SPECIFIER = "";
				SWIFT_EMIT_LOC_STRINGS = YES;
				SWIFT_VERSION = 5.0;
				TARGETED_DEVICE_FAMILY = "1,2";
			};
			name = Debug;
		};
		D97C61E62DBD5C9500A06314 /* Release */ = {
			isa = XCBuildConfiguration;
			buildSettings = {
				ASSETCATALOG_COMPILER_APPICON_NAME = AppIcon;
				ASSETCATALOG_COMPILER_GLOBAL_ACCENT_COLOR_NAME = AccentColor;
				CODE_SIGN_STYLE = Manual;
				CURRENT_PROJECT_VERSION = 1;
				DEVELOPMENT_ASSET_PATHS = "\"OhGrt/Preview Content\"";
				DEVELOPMENT_TEAM = "";
				ENABLE_PREVIEWS = YES;
				GENERATE_INFOPLIST_FILE = YES;
				INFOPLIST_FILE = OhGrt/Info.plist;
				INFOPLIST_KEY_CFBundleDisplayName = OhGrt;
				INFOPLIST_KEY_LSApplicationCategoryType = "public.app-category.entertainment";
				INFOPLIST_KEY_UIApplicationSceneManifest_Generation = YES;
				INFOPLIST_KEY_UIApplicationSupportsIndirectInputEvents = YES;
				INFOPLIST_KEY_UILaunchScreen_Generation = YES;
				INFOPLIST_KEY_UISupportedInterfaceOrientations_iPad = "UIInterfaceOrientationPortrait UIInterfaceOrientationPortraitUpsideDown UIInterfaceOrientationLandscapeLeft UIInterfaceOrientationLandscapeRight";
				INFOPLIST_KEY_UISupportedInterfaceOrientations_iPhone = "UIInterfaceOrientationPortrait UIInterfaceOrientationLandscapeLeft UIInterfaceOrientationLandscapeRight";
				IPHONEOS_DEPLOYMENT_TARGET = 16.6;
				LD_RUNPATH_SEARCH_PATHS = (
					"$(inherited)",
					"@executable_path/Frameworks",
				);
				MARKETING_VERSION = 1.0;
				PRODUCT_BUNDLE_IDENTIFIER = com.eramlabs.ohhgrt;
				PRODUCT_NAME = "$(TARGET_NAME)";
				PROVISIONING_PROFILE_SPECIFIER = "";
				SWIFT_EMIT_LOC_STRINGS = YES;
				SWIFT_VERSION = 5.0;
				TARGETED_DEVICE_FAMILY = "1,2";
			};
			name = Release;
		};
/* End XCBuildConfiguration section */

/* Begin XCConfigurationList section */
		D97C61D12DBD5C9300A06314 /* Build configuration list for PBXProject "OhGrt" */ = {
			isa = XCConfigurationList;
			buildConfigurations = (
				D97C61E22DBD5C9500A06314 /* Debug */,
				D97C61E32DBD5C9500A06314 /* Release */,
			);
			defaultConfigurationIsVisible = 0;
			defaultConfigurationName = Release;
		};
		D97C61E42DBD5C9500A06314 /* Build configuration list for PBXNativeTarget "OhGrt" */ = {
			isa = XCConfigurationList;
			buildConfigurations = (
				D97C61E52DBD5C9500A06314 /* Debug */,
				D97C61E62DBD5C9500A06314 /* Release */,
			);
			defaultConfigurationIsVisible = 0;
			defaultConfigurationName = Release;
		};
/* End XCConfigurationList section */

/* Begin XCRemoteSwiftPackageReference section */
		D97C62202DBD5F1F00A06314 /* XCRemoteSwiftPackageReference "firebase-ios-sdk" */ = {
			isa = XCRemoteSwiftPackageReference;
			repositoryURL = "https://github.com/firebase/firebase-ios-sdk";
			requirement = {
				kind = upToNextMajorVersion;
				minimumVersion = 11.12.0;
			};
		};
		D97C622D2DBD5F3400A06314 /* XCRemoteSwiftPackageReference "GoogleSignIn-iOS" */ = {
			isa = XCRemoteSwiftPackageReference;
			repositoryURL = "https://github.com/google/GoogleSignIn-iOS";
			requirement = {
				kind = upToNextMajorVersion;
				minimumVersion = 8.0.0;
			};
		};
/* End XCRemoteSwiftPackageReference section */

/* Begin XCSwiftPackageProductDependency section */
		D97C62212DBD5F1F00A06314 /* FirebaseAnalytics */ = {
			isa = XCSwiftPackageProductDependency;
			package = D97C62202DBD5F1F00A06314 /* XCRemoteSwiftPackageReference "firebase-ios-sdk" */;
			productName = FirebaseAnalytics;
		};
		D97C62232DBD5F1F00A06314 /* FirebaseAuth */ = {
			isa = XCSwiftPackageProductDependency;
			package = D97C62202DBD5F1F00A06314 /* XCRemoteSwiftPackageReference "firebase-ios-sdk" */;
			productName = FirebaseAuth;
		};
		D97C62252DBD5F1F00A06314 /* FirebaseCore */ = {
			isa = XCSwiftPackageProductDependency;
			package = D97C62202DBD5F1F00A06314 /* XCRemoteSwiftPackageReference "firebase-ios-sdk" */;
			productName = FirebaseCore;
		};
		D97C62272DBD5F1F00A06314 /* FirebaseDatabase */ = {
			isa = XCSwiftPackageProductDependency;
			package = D97C62202DBD5F1F00A06314 /* XCRemoteSwiftPackageReference "firebase-ios-sdk" */;
			productName = FirebaseDatabase;
		};
		D97C62292DBD5F1F00A06314 /* FirebaseFirestore */ = {
			isa = XCSwiftPackageProductDependency;
			package = D97C62202DBD5F1F00A06314 /* XCRemoteSwiftPackageReference "firebase-ios-sdk" */;
			productName = FirebaseFirestore;
		};
		D97C622B2DBD5F1F00A06314 /* FirebaseStorage */ = {
			isa = XCSwiftPackageProductDependency;
			package = D97C62202DBD5F1F00A06314 /* XCRemoteSwiftPackageReference "firebase-ios-sdk" */;
			productName = FirebaseStorage;
		};
		D97C622E2DBD5F3400A06314 /* GoogleSignIn */ = {
			isa = XCSwiftPackageProductDependency;
			package = D97C622D2DBD5F3400A06314 /* XCRemoteSwiftPackageReference "GoogleSignIn-iOS" */;
			productName = GoogleSignIn;
		};
		D97C62302DBD5F3400A06314 /* GoogleSignInSwift */ = {
			isa = XCSwiftPackageProductDependency;
			package = D97C622D2DBD5F3400A06314 /* XCRemoteSwiftPackageReference "GoogleSignIn-iOS" */;
			productName = GoogleSignInSwift;
		};
/* End XCSwiftPackageProductDependency section */
	};
	rootObject = D97C61CE2DBD5C9300A06314 /* Project object */;
}
